// !$*UTF8*$!
{
	archiveVersion = 1;
	classes = {
	};
	objectVersion = 55;
	objects = {

/* Begin PBXBuildFile section */
		86277BF52881E7DF00B224CB /* TMDB-Info.plist in Resources */ = {isa = PBXBuildFile; fileRef = 86277BF42881E7DF00B224CB /* TMDB-Info.plist */; };
		86277BF72881ECA100B224CB /* Movie+API.swift in Sources */ = {isa = PBXBuildFile; fileRef = 86277BF62881ECA100B224CB /* Movie+API.swift */; };
		86277BF92881F8E000B224CB /* MoviesResponse.swift in Sources */ = {isa = PBXBuildFile; fileRef = 86277BF82881F8E000B224CB /* MoviesResponse.swift */; };
		862C5F59287F3F12006C3371 /* DetailsViewController.swift in Sources */ = {isa = PBXBuildFile; fileRef = 862C5F58287F3F12006C3371 /* DetailsViewController.swift */; };
		862C5F5B287F47E4006C3371 /* FeaturedViewController+UICollectionViewDelegate.swift in Sources */ = {isa = PBXBuildFile; fileRef = 862C5F5A287F47E4006C3371 /* FeaturedViewController+UICollectionViewDelegate.swift */; };
		8648FF2F287DEE4700D7AC3E /* Movie.swift in Sources */ = {isa = PBXBuildFile; fileRef = 8648FF2E287DEE4700D7AC3E /* Movie.swift */; };
		8648FF35287DF54D00D7AC3E /* Movie+Popular.swift in Sources */ = {isa = PBXBuildFile; fileRef = 8648FF30287DF54D00D7AC3E /* Movie+Popular.swift */; };
		8648FF36287DF54D00D7AC3E /* Movie+Upcoming.swift in Sources */ = {isa = PBXBuildFile; fileRef = 8648FF31287DF54D00D7AC3E /* Movie+Upcoming.swift */; };
		8648FF37287DF54D00D7AC3E /* Movie+TrendingToday.swift in Sources */ = {isa = PBXBuildFile; fileRef = 8648FF32287DF54D00D7AC3E /* Movie+TrendingToday.swift */; };
		8648FF38287DF54D00D7AC3E /* Movie+NowPlaying.swift in Sources */ = {isa = PBXBuildFile; fileRef = 8648FF33287DF54D00D7AC3E /* Movie+NowPlaying.swift */; };
		8648FF39287DF54D00D7AC3E /* Movie+TrendingThisWeek.swift in Sources */ = {isa = PBXBuildFile; fileRef = 8648FF34287DF54D00D7AC3E /* Movie+TrendingThisWeek.swift */; };
		8648FF3B287E145300D7AC3E /* FeaturedViewController+UICollectionViewDataSource.swift in Sources */ = {isa = PBXBuildFile; fileRef = 8648FF3A287E145300D7AC3E /* FeaturedViewController+UICollectionViewDataSource.swift */; };
		864E581E2874B3B8003F3614 /* AppDelegate.swift in Sources */ = {isa = PBXBuildFile; fileRef = 864E581D2874B3B8003F3614 /* AppDelegate.swift */; };
		864E58202874B3B8003F3614 /* SceneDelegate.swift in Sources */ = {isa = PBXBuildFile; fileRef = 864E581F2874B3B8003F3614 /* SceneDelegate.swift */; };
		864E58222874B3B8003F3614 /* FeaturedViewController.swift in Sources */ = {isa = PBXBuildFile; fileRef = 864E58212874B3B8003F3614 /* FeaturedViewController.swift */; };
		864E58252874B3B8003F3614 /* Main.storyboard in Resources */ = {isa = PBXBuildFile; fileRef = 864E58232874B3B8003F3614 /* Main.storyboard */; };
		864E58272874B3BB003F3614 /* Assets.xcassets in Resources */ = {isa = PBXBuildFile; fileRef = 864E58262874B3BB003F3614 /* Assets.xcassets */; };
		864E582A2874B3BB003F3614 /* LaunchScreen.storyboard in Resources */ = {isa = PBXBuildFile; fileRef = 864E58282874B3BB003F3614 /* LaunchScreen.storyboard */; };
		86626D9C287C985500896BD3 /* PopularCollectionViewCell.swift in Sources */ = {isa = PBXBuildFile; fileRef = 86626D9B287C985500896BD3 /* PopularCollectionViewCell.swift */; };
		86626D9F287C988D00896BD3 /* NowPlayingCollectionViewCell.swift in Sources */ = {isa = PBXBuildFile; fileRef = 86626D9E287C988D00896BD3 /* NowPlayingCollectionViewCell.swift */; };
		86626DA1287C98B100896BD3 /* UpcomingCollectionViewCell.swift in Sources */ = {isa = PBXBuildFile; fileRef = 86626DA0287C98B100896BD3 /* UpcomingCollectionViewCell.swift */; };
		86ABF42F28874B7900C6DB5B /* TrandingTableViewCell.swift in Sources */ = {isa = PBXBuildFile; fileRef = 86ABF42E28874B7900C6DB5B /* TrandingTableViewCell.swift */; };
		86ABF43128874B9D00C6DB5B /* TrendingViewController.swift in Sources */ = {isa = PBXBuildFile; fileRef = 86ABF43028874B9D00C6DB5B /* TrendingViewController.swift */; };
/* End PBXBuildFile section */

/* Begin PBXFileReference section */
		86277BF42881E7DF00B224CB /* TMDB-Info.plist */ = {isa = PBXFileReference; lastKnownFileType = text.plist.xml; path = "TMDB-Info.plist"; sourceTree = "<group>"; };
		86277BF62881ECA100B224CB /* Movie+API.swift */ = {isa = PBXFileReference; fileEncoding = 4; lastKnownFileType = sourcecode.swift; path = "Movie+API.swift"; sourceTree = "<group>"; };
		86277BF82881F8E000B224CB /* MoviesResponse.swift */ = {isa = PBXFileReference; lastKnownFileType = sourcecode.swift; path = MoviesResponse.swift; sourceTree = "<group>"; };
		862C5F58287F3F12006C3371 /* DetailsViewController.swift */ = {isa = PBXFileReference; lastKnownFileType = sourcecode.swift; path = DetailsViewController.swift; sourceTree = "<group>"; };
		862C5F5A287F47E4006C3371 /* FeaturedViewController+UICollectionViewDelegate.swift */ = {isa = PBXFileReference; lastKnownFileType = sourcecode.swift; path = "FeaturedViewController+UICollectionViewDelegate.swift"; sourceTree = "<group>"; };
		8648FF2E287DEE4700D7AC3E /* Movie.swift */ = {isa = PBXFileReference; lastKnownFileType = sourcecode.swift; path = Movie.swift; sourceTree = "<group>"; };
		8648FF30287DF54D00D7AC3E /* Movie+Popular.swift */ = {isa = PBXFileReference; fileEncoding = 4; lastKnownFileType = sourcecode.swift; path = "Movie+Popular.swift"; sourceTree = "<group>"; };
		8648FF31287DF54D00D7AC3E /* Movie+Upcoming.swift */ = {isa = PBXFileReference; fileEncoding = 4; lastKnownFileType = sourcecode.swift; path = "Movie+Upcoming.swift"; sourceTree = "<group>"; };
		8648FF32287DF54D00D7AC3E /* Movie+TrendingToday.swift */ = {isa = PBXFileReference; fileEncoding = 4; lastKnownFileType = sourcecode.swift; path = "Movie+TrendingToday.swift"; sourceTree = "<group>"; };
		8648FF33287DF54D00D7AC3E /* Movie+NowPlaying.swift */ = {isa = PBXFileReference; fileEncoding = 4; lastKnownFileType = sourcecode.swift; path = "Movie+NowPlaying.swift"; sourceTree = "<group>"; };
		8648FF34287DF54D00D7AC3E /* Movie+TrendingThisWeek.swift */ = {isa = PBXFileReference; fileEncoding = 4; lastKnownFileType = sourcecode.swift; path = "Movie+TrendingThisWeek.swift"; sourceTree = "<group>"; };
		8648FF3A287E145300D7AC3E /* FeaturedViewController+UICollectionViewDataSource.swift */ = {isa = PBXFileReference; lastKnownFileType = sourcecode.swift; path = "FeaturedViewController+UICollectionViewDataSource.swift"; sourceTree = "<group>"; };
		864E581A2874B3B8003F3614 /* Projeto 3.app */ = {isa = PBXFileReference; explicitFileType = wrapper.application; includeInIndex = 0; path = "Projeto 3.app"; sourceTree = BUILT_PRODUCTS_DIR; };
		864E581D2874B3B8003F3614 /* AppDelegate.swift */ = {isa = PBXFileReference; lastKnownFileType = sourcecode.swift; path = AppDelegate.swift; sourceTree = "<group>"; };
		864E581F2874B3B8003F3614 /* SceneDelegate.swift */ = {isa = PBXFileReference; lastKnownFileType = sourcecode.swift; path = SceneDelegate.swift; sourceTree = "<group>"; };
		864E58212874B3B8003F3614 /* FeaturedViewController.swift */ = {isa = PBXFileReference; lastKnownFileType = sourcecode.swift; path = FeaturedViewController.swift; sourceTree = "<group>"; };
		864E58242874B3B8003F3614 /* Base */ = {isa = PBXFileReference; lastKnownFileType = file.storyboard; name = Base; path = Base.lproj/Main.storyboard; sourceTree = "<group>"; };
		864E58262874B3BB003F3614 /* Assets.xcassets */ = {isa = PBXFileReference; lastKnownFileType = folder.assetcatalog; path = Assets.xcassets; sourceTree = "<group>"; };
		864E58292874B3BB003F3614 /* Base */ = {isa = PBXFileReference; lastKnownFileType = file.storyboard; name = Base; path = Base.lproj/LaunchScreen.storyboard; sourceTree = "<group>"; };
		864E582B2874B3BB003F3614 /* Info.plist */ = {isa = PBXFileReference; lastKnownFileType = text.plist.xml; path = Info.plist; sourceTree = "<group>"; };
		86626D9B287C985500896BD3 /* PopularCollectionViewCell.swift */ = {isa = PBXFileReference; lastKnownFileType = sourcecode.swift; path = PopularCollectionViewCell.swift; sourceTree = "<group>"; };
		86626D9E287C988D00896BD3 /* NowPlayingCollectionViewCell.swift */ = {isa = PBXFileReference; lastKnownFileType = sourcecode.swift; path = NowPlayingCollectionViewCell.swift; sourceTree = "<group>"; };
		86626DA0287C98B100896BD3 /* UpcomingCollectionViewCell.swift */ = {isa = PBXFileReference; lastKnownFileType = sourcecode.swift; path = UpcomingCollectionViewCell.swift; sourceTree = "<group>"; };
		86ABF42E28874B7900C6DB5B /* TrandingTableViewCell.swift */ = {isa = PBXFileReference; lastKnownFileType = sourcecode.swift; path = TrandingTableViewCell.swift; sourceTree = "<group>"; };
		86ABF43028874B9D00C6DB5B /* TrendingViewController.swift */ = {isa = PBXFileReference; lastKnownFileType = sourcecode.swift; path = TrendingViewController.swift; sourceTree = "<group>"; };
/* End PBXFileReference section */

/* Begin PBXFrameworksBuildPhase section */
		864E58172874B3B8003F3614 /* Frameworks */ = {
			isa = PBXFrameworksBuildPhase;
			buildActionMask = 2147483647;
			files = (
			);
			runOnlyForDeploymentPostprocessing = 0;
		};
/* End PBXFrameworksBuildPhase section */

/* Begin PBXGroup section */
		8648FF2D287DEDF600D7AC3E /* Model */ = {
			isa = PBXGroup;
			children = (
				8648FF2E287DEE4700D7AC3E /* Movie.swift */,
				86277BF62881ECA100B224CB /* Movie+API.swift */,
				8648FF30287DF54D00D7AC3E /* Movie+Popular.swift */,
				8648FF33287DF54D00D7AC3E /* Movie+NowPlaying.swift */,
				8648FF34287DF54D00D7AC3E /* Movie+TrendingThisWeek.swift */,
				8648FF32287DF54D00D7AC3E /* Movie+TrendingToday.swift */,
				8648FF31287DF54D00D7AC3E /* Movie+Upcoming.swift */,
				86277BF82881F8E000B224CB /* MoviesResponse.swift */,
			);
			path = Model;
			sourceTree = "<group>";
		};
		864E58112874B3B8003F3614 = {
			isa = PBXGroup;
			children = (
				864E581C2874B3B8003F3614 /* Projeto 3 */,
				864E581B2874B3B8003F3614 /* Products */,
			);
			sourceTree = "<group>";
		};
		864E581B2874B3B8003F3614 /* Products */ = {
			isa = PBXGroup;
			children = (
				864E581A2874B3B8003F3614 /* Projeto 3.app */,
			);
			name = Products;
			sourceTree = "<group>";
		};
		864E581C2874B3B8003F3614 /* Projeto 3 */ = {
			isa = PBXGroup;
			children = (
				864E581D2874B3B8003F3614 /* AppDelegate.swift */,
				864E581F2874B3B8003F3614 /* SceneDelegate.swift */,
				8648FF2D287DEDF600D7AC3E /* Model */,
				86626DA2287C997000896BD3 /* Controllers */,
				865262F4287C9CD200E953C9 /* View */,
				865262F5287C9E2900E953C9 /* SupportingFiles */,
			);
			path = "Projeto 3";
			sourceTree = "<group>";
		};
		865262F4287C9CD200E953C9 /* View */ = {
			isa = PBXGroup;
			children = (
				864E58232874B3B8003F3614 /* Main.storyboard */,
				864E58282874B3BB003F3614 /* LaunchScreen.storyboard */,
				86626D9B287C985500896BD3 /* PopularCollectionViewCell.swift */,
				86626D9E287C988D00896BD3 /* NowPlayingCollectionViewCell.swift */,
				86626DA0287C98B100896BD3 /* UpcomingCollectionViewCell.swift */,
				86ABF42E28874B7900C6DB5B /* TrandingTableViewCell.swift */,
			);
			path = View;
			sourceTree = "<group>";
		};
		865262F5287C9E2900E953C9 /* SupportingFiles */ = {
			isa = PBXGroup;
			children = (
				864E58262874B3BB003F3614 /* Assets.xcassets */,
				864E582B2874B3BB003F3614 /* Info.plist */,
				86277BF42881E7DF00B224CB /* TMDB-Info.plist */,
			);
			name = SupportingFiles;
			sourceTree = "<group>";
		};
		86626DA2287C997000896BD3 /* Controllers */ = {
			isa = PBXGroup;
			children = (
				864E58212874B3B8003F3614 /* FeaturedViewController.swift */,
				8648FF3A287E145300D7AC3E /* FeaturedViewController+UICollectionViewDataSource.swift */,
				862C5F58287F3F12006C3371 /* DetailsViewController.swift */,
				862C5F5A287F47E4006C3371 /* FeaturedViewController+UICollectionViewDelegate.swift */,
				86ABF43028874B9D00C6DB5B /* TrendingViewController.swift */,
			);
			path = Controllers;
			sourceTree = "<group>";
		};
/* End PBXGroup section */

/* Begin PBXNativeTarget section */
		864E58192874B3B8003F3614 /* Projeto 3 */ = {
			isa = PBXNativeTarget;
			buildConfigurationList = 864E582E2874B3BB003F3614 /* Build configuration list for PBXNativeTarget "Projeto 3" */;
			buildPhases = (
				864E58162874B3B8003F3614 /* Sources */,
				864E58172874B3B8003F3614 /* Frameworks */,
				864E58182874B3B8003F3614 /* Resources */,
			);
			buildRules = (
			);
			dependencies = (
			);
			name = "Projeto 3";
			productName = "Projeto 3";
			productReference = 864E581A2874B3B8003F3614 /* Projeto 3.app */;
			productType = "com.apple.product-type.application";
		};
/* End PBXNativeTarget section */

/* Begin PBXProject section */
		864E58122874B3B8003F3614 /* Project object */ = {
			isa = PBXProject;
			attributes = {
				BuildIndependentTargetsInParallel = 1;
				LastSwiftUpdateCheck = 1340;
				LastUpgradeCheck = 1340;
				TargetAttributes = {
					864E58192874B3B8003F3614 = {
						CreatedOnToolsVersion = 13.4.1;
					};
				};
			};
			buildConfigurationList = 864E58152874B3B8003F3614 /* Build configuration list for PBXProject "Projeto 3" */;
			compatibilityVersion = "Xcode 13.0";
			developmentRegion = en;
			hasScannedForEncodings = 0;
			knownRegions = (
				en,
				Base,
			);
			mainGroup = 864E58112874B3B8003F3614;
			productRefGroup = 864E581B2874B3B8003F3614 /* Products */;
			projectDirPath = "";
			projectRoot = "";
			targets = (
				864E58192874B3B8003F3614 /* Projeto 3 */,
			);
		};
/* End PBXProject section */

/* Begin PBXResourcesBuildPhase section */
		864E58182874B3B8003F3614 /* Resources */ = {
			isa = PBXResourcesBuildPhase;
			buildActionMask = 2147483647;
			files = (
				864E582A2874B3BB003F3614 /* LaunchScreen.storyboard in Resources */,
				86277BF52881E7DF00B224CB /* TMDB-Info.plist in Resources */,
				864E58272874B3BB003F3614 /* Assets.xcassets in Resources */,
				864E58252874B3B8003F3614 /* Main.storyboard in Resources */,
			);
			runOnlyForDeploymentPostprocessing = 0;
		};
/* End PBXResourcesBuildPhase section */

/* Begin PBXSourcesBuildPhase section */
		864E58162874B3B8003F3614 /* Sources */ = {
			isa = PBXSourcesBuildPhase;
			buildActionMask = 2147483647;
			files = (
				862C5F59287F3F12006C3371 /* DetailsViewController.swift in Sources */,
				8648FF2F287DEE4700D7AC3E /* Movie.swift in Sources */,
				8648FF37287DF54D00D7AC3E /* Movie+TrendingToday.swift in Sources */,
				86626DA1287C98B100896BD3 /* UpcomingCollectionViewCell.swift in Sources */,
				86626D9F287C988D00896BD3 /* NowPlayingCollectionViewCell.swift in Sources */,
				8648FF3B287E145300D7AC3E /* FeaturedViewController+UICollectionViewDataSource.swift in Sources */,
				86626D9C287C985500896BD3 /* PopularCollectionViewCell.swift in Sources */,
				86ABF43128874B9D00C6DB5B /* TrendingViewController.swift in Sources */,
				8648FF35287DF54D00D7AC3E /* Movie+Popular.swift in Sources */,
				86ABF42F28874B7900C6DB5B /* TrandingTableViewCell.swift in Sources */,
				8648FF38287DF54D00D7AC3E /* Movie+NowPlaying.swift in Sources */,
				864E58222874B3B8003F3614 /* FeaturedViewController.swift in Sources */,
				86277BF92881F8E000B224CB /* MoviesResponse.swift in Sources */,
				864E581E2874B3B8003F3614 /* AppDelegate.swift in Sources */,
				862C5F5B287F47E4006C3371 /* FeaturedViewController+UICollectionViewDelegate.swift in Sources */,
				8648FF39287DF54D00D7AC3E /* Movie+TrendingThisWeek.swift in Sources */,
				8648FF36287DF54D00D7AC3E /* Movie+Upcoming.swift in Sources */,
				864E58202874B3B8003F3614 /* SceneDelegate.swift in Sources */,
				86277BF72881ECA100B224CB /* Movie+API.swift in Sources */,
			);
			runOnlyForDeploymentPostprocessing = 0;
		};
/* End PBXSourcesBuildPhase section */

/* Begin PBXVariantGroup section */
		864E58232874B3B8003F3614 /* Main.storyboard */ = {
			isa = PBXVariantGroup;
			children = (
				864E58242874B3B8003F3614 /* Base */,
			);
			name = Main.storyboard;
			sourceTree = "<group>";
		};
		864E58282874B3BB003F3614 /* LaunchScreen.storyboard */ = {
			isa = PBXVariantGroup;
			children = (
				864E58292874B3BB003F3614 /* Base */,
			);
			name = LaunchScreen.storyboard;
			sourceTree = "<group>";
		};
/* End PBXVariantGroup section */

/* Begin XCBuildConfiguration section */
		864E582C2874B3BB003F3614 /* Debug */ = {
			isa = XCBuildConfiguration;
			buildSettings = {
				ALWAYS_SEARCH_USER_PATHS = NO;
				CLANG_ANALYZER_NONNULL = YES;
				CLANG_ANALYZER_NUMBER_OBJECT_CONVERSION = YES_AGGRESSIVE;
				CLANG_CXX_LANGUAGE_STANDARD = "gnu++17";
				CLANG_ENABLE_MODULES = YES;
				CLANG_ENABLE_OBJC_ARC = YES;
				CLANG_ENABLE_OBJC_WEAK = YES;
				CLANG_WARN_BLOCK_CAPTURE_AUTORELEASING = YES;
				CLANG_WARN_BOOL_CONVERSION = YES;
				CLANG_WARN_COMMA = YES;
				CLANG_WARN_CONSTANT_CONVERSION = YES;
				CLANG_WARN_DEPRECATED_OBJC_IMPLEMENTATIONS = YES;
				CLANG_WARN_DIRECT_OBJC_ISA_USAGE = YES_ERROR;
				CLANG_WARN_DOCUMENTATION_COMMENTS = YES;
				CLANG_WARN_EMPTY_BODY = YES;
				CLANG_WARN_ENUM_CONVERSION = YES;
				CLANG_WARN_INFINITE_RECURSION = YES;
				CLANG_WARN_INT_CONVERSION = YES;
				CLANG_WARN_NON_LITERAL_NULL_CONVERSION = YES;
				CLANG_WARN_OBJC_IMPLICIT_RETAIN_SELF = YES;
				CLANG_WARN_OBJC_LITERAL_CONVERSION = YES;
				CLANG_WARN_OBJC_ROOT_CLASS = YES_ERROR;
				CLANG_WARN_QUOTED_INCLUDE_IN_FRAMEWORK_HEADER = YES;
				CLANG_WARN_RANGE_LOOP_ANALYSIS = YES;
				CLANG_WARN_STRICT_PROTOTYPES = YES;
				CLANG_WARN_SUSPICIOUS_MOVE = YES;
				CLANG_WARN_UNGUARDED_AVAILABILITY = YES_AGGRESSIVE;
				CLANG_WARN_UNREACHABLE_CODE = YES;
				CLANG_WARN__DUPLICATE_METHOD_MATCH = YES;
				COPY_PHASE_STRIP = NO;
				DEBUG_INFORMATION_FORMAT = dwarf;
				ENABLE_STRICT_OBJC_MSGSEND = YES;
				ENABLE_TESTABILITY = YES;
				GCC_C_LANGUAGE_STANDARD = gnu11;
				GCC_DYNAMIC_NO_PIC = NO;
				GCC_NO_COMMON_BLOCKS = YES;
				GCC_OPTIMIZATION_LEVEL = 0;
				GCC_PREPROCESSOR_DEFINITIONS = (
					"DEBUG=1",
					"$(inherited)",
				);
				GCC_WARN_64_TO_32_BIT_CONVERSION = YES;
				GCC_WARN_ABOUT_RETURN_TYPE = YES_ERROR;
				GCC_WARN_UNDECLARED_SELECTOR = YES;
				GCC_WARN_UNINITIALIZED_AUTOS = YES_AGGRESSIVE;
				GCC_WARN_UNUSED_FUNCTION = YES;
				GCC_WARN_UNUSED_VARIABLE = YES;
				IPHONEOS_DEPLOYMENT_TARGET = 15.5;
				MTL_ENABLE_DEBUG_INFO = INCLUDE_SOURCE;
				MTL_FAST_MATH = YES;
				ONLY_ACTIVE_ARCH = YES;
				SDKROOT = iphoneos;
				SWIFT_ACTIVE_COMPILATION_CONDITIONS = DEBUG;
				SWIFT_OPTIMIZATION_LEVEL = "-Onone";
			};
			name = Debug;
		};
		864E582D2874B3BB003F3614 /* Release */ = {
			isa = XCBuildConfiguration;
			buildSettings = {
				ALWAYS_SEARCH_USER_PATHS = NO;
				CLANG_ANALYZER_NONNULL = YES;
				CLANG_ANALYZER_NUMBER_OBJECT_CONVERSION = YES_AGGRESSIVE;
				CLANG_CXX_LANGUAGE_STANDARD = "gnu++17";
				CLANG_ENABLE_MODULES = YES;
				CLANG_ENABLE_OBJC_ARC = YES;
				CLANG_ENABLE_OBJC_WEAK = YES;
				CLANG_WARN_BLOCK_CAPTURE_AUTORELEASING = YES;
				CLANG_WARN_BOOL_CONVERSION = YES;
				CLANG_WARN_COMMA = YES;
				CLANG_WARN_CONSTANT_CONVERSION = YES;
				CLANG_WARN_DEPRECATED_OBJC_IMPLEMENTATIONS = YES;
				CLANG_WARN_DIRECT_OBJC_ISA_USAGE = YES_ERROR;
				CLANG_WARN_DOCUMENTATION_COMMENTS = YES;
				CLANG_WARN_EMPTY_BODY = YES;
				CLANG_WARN_ENUM_CONVERSION = YES;
				CLANG_WARN_INFINITE_RECURSION = YES;
				CLANG_WARN_INT_CONVERSION = YES;
				CLANG_WARN_NON_LITERAL_NULL_CONVERSION = YES;
				CLANG_WARN_OBJC_IMPLICIT_RETAIN_SELF = YES;
				CLANG_WARN_OBJC_LITERAL_CONVERSION = YES;
				CLANG_WARN_OBJC_ROOT_CLASS = YES_ERROR;
				CLANG_WARN_QUOTED_INCLUDE_IN_FRAMEWORK_HEADER = YES;
				CLANG_WARN_RANGE_LOOP_ANALYSIS = YES;
				CLANG_WARN_STRICT_PROTOTYPES = YES;
				CLANG_WARN_SUSPICIOUS_MOVE = YES;
				CLANG_WARN_UNGUARDED_AVAILABILITY = YES_AGGRESSIVE;
				CLANG_WARN_UNREACHABLE_CODE = YES;
				CLANG_WARN__DUPLICATE_METHOD_MATCH = YES;
				COPY_PHASE_STRIP = NO;
				DEBUG_INFORMATION_FORMAT = "dwarf-with-dsym";
				ENABLE_NS_ASSERTIONS = NO;
				ENABLE_STRICT_OBJC_MSGSEND = YES;
				GCC_C_LANGUAGE_STANDARD = gnu11;
				GCC_NO_COMMON_BLOCKS = YES;
				GCC_WARN_64_TO_32_BIT_CONVERSION = YES;
				GCC_WARN_ABOUT_RETURN_TYPE = YES_ERROR;
				GCC_WARN_UNDECLARED_SELECTOR = YES;
				GCC_WARN_UNINITIALIZED_AUTOS = YES_AGGRESSIVE;
				GCC_WARN_UNUSED_FUNCTION = YES;
				GCC_WARN_UNUSED_VARIABLE = YES;
				IPHONEOS_DEPLOYMENT_TARGET = 15.5;
				MTL_ENABLE_DEBUG_INFO = NO;
				MTL_FAST_MATH = YES;
				SDKROOT = iphoneos;
				SWIFT_COMPILATION_MODE = wholemodule;
				SWIFT_OPTIMIZATION_LEVEL = "-O";
				VALIDATE_PRODUCT = YES;
			};
			name = Release;
		};
		864E582F2874B3BB003F3614 /* Debug */ = {
			isa = XCBuildConfiguration;
			buildSettings = {
				ASSETCATALOG_COMPILER_APPICON_NAME = AppIcon;
				ASSETCATALOG_COMPILER_GLOBAL_ACCENT_COLOR_NAME = AccentColor;
				CODE_SIGN_STYLE = Automatic;
				CURRENT_PROJECT_VERSION = 1;
				DEVELOPMENT_TEAM = LJM46THP47;
				GENERATE_INFOPLIST_FILE = YES;
				INFOPLIST_FILE = "Projeto 3/Info.plist";
				INFOPLIST_KEY_UIApplicationSupportsIndirectInputEvents = YES;
				INFOPLIST_KEY_UILaunchStoryboardName = LaunchScreen;
				INFOPLIST_KEY_UIMainStoryboardFile = Main;
				INFOPLIST_KEY_UISupportedInterfaceOrientations_iPad = "UIInterfaceOrientationPortrait UIInterfaceOrientationPortraitUpsideDown UIInterfaceOrientationLandscapeLeft UIInterfaceOrientationLandscapeRight";
				INFOPLIST_KEY_UISupportedInterfaceOrientations_iPhone = "UIInterfaceOrientationPortrait UIInterfaceOrientationLandscapeLeft UIInterfaceOrientationLandscapeRight";
				LD_RUNPATH_SEARCH_PATHS = (
					"$(inherited)",
					"@executable_path/Frameworks",
				);
				MARKETING_VERSION = 1.0;
				PRODUCT_BUNDLE_IDENTIFIER = "br.ufpe.cin.academy.mhfvp.Projeto-3";
				PRODUCT_NAME = "$(TARGET_NAME)";
				SWIFT_EMIT_LOC_STRINGS = YES;
				SWIFT_VERSION = 5.0;
				TARGETED_DEVICE_FAMILY = "1,2";
			};
			name = Debug;
		};
		864E58302874B3BB003F3614 /* Release */ = {
			isa = XCBuildConfiguration;
			buildSettings = {
				ASSETCATALOG_COMPILER_APPICON_NAME = AppIcon;
				ASSETCATALOG_COMPILER_GLOBAL_ACCENT_COLOR_NAME = AccentColor;
				CODE_SIGN_STYLE = Automatic;
				CURRENT_PROJECT_VERSION = 1;
				DEVELOPMENT_TEAM = LJM46THP47;
				GENERATE_INFOPLIST_FILE = YES;
				INFOPLIST_FILE = "Projeto 3/Info.plist";
				INFOPLIST_KEY_UIApplicationSupportsIndirectInputEvents = YES;
				INFOPLIST_KEY_UILaunchStoryboardName = LaunchScreen;
				INFOPLIST_KEY_UIMainStoryboardFile = Main;
				INFOPLIST_KEY_UISupportedInterfaceOrientations_iPad = "UIInterfaceOrientationPortrait UIInterfaceOrientationPortraitUpsideDown UIInterfaceOrientationLandscapeLeft UIInterfaceOrientationLandscapeRight";
				INFOPLIST_KEY_UISupportedInterfaceOrientations_iPhone = "UIInterfaceOrientationPortrait UIInterfaceOrientationLandscapeLeft UIInterfaceOrientationLandscapeRight";
				LD_RUNPATH_SEARCH_PATHS = (
					"$(inherited)",
					"@executable_path/Frameworks",
				);
				MARKETING_VERSION = 1.0;
				PRODUCT_BUNDLE_IDENTIFIER = "br.ufpe.cin.academy.mhfvp.Projeto-3";
				PRODUCT_NAME = "$(TARGET_NAME)";
				SWIFT_EMIT_LOC_STRINGS = YES;
				SWIFT_VERSION = 5.0;
				TARGETED_DEVICE_FAMILY = "1,2";
			};
			name = Release;
		};
/* End XCBuildConfiguration section */

/* Begin XCConfigurationList section */
		864E58152874B3B8003F3614 /* Build configuration list for PBXProject "Projeto 3" */ = {
			isa = XCConfigurationList;
			buildConfigurations = (
				864E582C2874B3BB003F3614 /* Debug */,
				864E582D2874B3BB003F3614 /* Release */,
			);
			defaultConfigurationIsVisible = 0;
			defaultConfigurationName = Release;
		};
		864E582E2874B3BB003F3614 /* Build configuration list for PBXNativeTarget "Projeto 3" */ = {
			isa = XCConfigurationList;
			buildConfigurations = (
				864E582F2874B3BB003F3614 /* Debug */,
				864E58302874B3BB003F3614 /* Release */,
			);
			defaultConfigurationIsVisible = 0;
			defaultConfigurationName = Release;
		};
/* End XCConfigurationList section */
	};
	rootObject = 864E58122874B3B8003F3614 /* Project object */;
}
